
Microsoft Visual Studio Solution File, Format Version 12.00
# Visual Studio 15
VisualStudioVersion = 15.0.34320.172
MinimumVisualStudioVersion = 10.0.40219.1
Project("{FAE04EC0-301F-11D3-BF4B-00C04F79EFBC}") = "books", "books\books.csproj", "{ED3B6782-57ED-4A33-AE0F-FF6E3FCD7043}"
EndProject
Global
	GlobalSection(SolutionConfigurationPlatforms) = preSolution
		Debug|Any CPU = Debug|Any CPU
		Release|Any CPU = Release|Any CPU
	EndGlobalSection
	GlobalSection(ProjectConfigurationPlatforms) = postSolution
		{ED3B6782-57ED-4A33-AE0F-FF6E3FCD7043}.Debug|Any CPU.ActiveCfg = Debug|Any CPU
		{ED3B6782-57ED-4A33-AE0F-FF6E3FCD7043}.Debug|Any CPU.Build.0 = Debug|Any CPU
		{ED3B6782-57ED-4A33-AE0F-FF6E3FCD7043}.Release|Any CPU.ActiveCfg = Release|Any CPU
		{ED3B6782-57ED-4A33-AE0F-FF6E3FCD7043}.Release|Any CPU.Build.0 = Release|Any CPU
	EndGlobalSection
	GlobalSection(SolutionProperties) = preSolution
		HideSolutionNode = FALSE
	EndGlobalSection
	GlobalSection(ExtensibilityGlobals) = postSolution
		SolutionGuid = {684B4537-C981-49E6-8612-B41E141851DA}
	EndGlobalSection
EndGlobal
