
Microsoft Visual Studio Solution File, Format Version 12.00
# Visual Studio 15
VisualStudioVersion = 15.0.34320.172
MinimumVisualStudioVersion = 10.0.40219.1
Project("{FAE04EC0-301F-11D3-BF4B-00C04F79EFBC}") = "oceanAttack", "oceanAttack\oceanAttack.csproj", "{2148E4DE-4EFD-4991-8CF0-457059AF148A}"
EndProject
Global
	GlobalSection(SolutionConfigurationPlatforms) = preSolution
		Debug|Any CPU = Debug|Any CPU
		Release|Any CPU = Release|Any CPU
	EndGlobalSection
	GlobalSection(ProjectConfigurationPlatforms) = postSolution
		{2148E4DE-4EFD-4991-8CF0-457059AF148A}.Debug|Any CPU.ActiveCfg = Debug|Any CPU
		{2148E4DE-4EFD-4991-8CF0-457059AF148A}.Debug|Any CPU.Build.0 = Debug|Any CPU
		{2148E4DE-4EFD-4991-8CF0-457059AF148A}.Release|Any CPU.ActiveCfg = Release|Any CPU
		{2148E4DE-4EFD-4991-8CF0-457059AF148A}.Release|Any CPU.Build.0 = Release|Any CPU
	EndGlobalSection
	GlobalSection(SolutionProperties) = preSolution
		HideSolutionNode = FALSE
	EndGlobalSection
	GlobalSection(ExtensibilityGlobals) = postSolution
		SolutionGuid = {5D0FBDFF-D6BC-4B19-AED5-9F9359D18CED}
	EndGlobalSection
EndGlobal
