
Microsoft Visual Studio Solution File, Format Version 12.00
# Visual Studio 15
VisualStudioVersion = 15.0.34320.172
MinimumVisualStudioVersion = 10.0.40219.1
Project("{FAE04EC0-301F-11D3-BF4B-00C04F79EFBC}") = "BANKapp", "BANKapp\BANKapp.csproj", "{0B00308A-5DF7-4347-97E2-45C32D4118DC}"
EndProject
Global
	GlobalSection(SolutionConfigurationPlatforms) = preSolution
		Debug|Any CPU = Debug|Any CPU
		Release|Any CPU = Release|Any CPU
	EndGlobalSection
	GlobalSection(ProjectConfigurationPlatforms) = postSolution
		{0B00308A-5DF7-4347-97E2-45C32D4118DC}.Debug|Any CPU.ActiveCfg = Debug|Any CPU
		{0B00308A-5DF7-4347-97E2-45C32D4118DC}.Debug|Any CPU.Build.0 = Debug|Any CPU
		{0B00308A-5DF7-4347-97E2-45C32D4118DC}.Release|Any CPU.ActiveCfg = Release|Any CPU
		{0B00308A-5DF7-4347-97E2-45C32D4118DC}.Release|Any CPU.Build.0 = Release|Any CPU
	EndGlobalSection
	GlobalSection(SolutionProperties) = preSolution
		HideSolutionNode = FALSE
	EndGlobalSection
	GlobalSection(ExtensibilityGlobals) = postSolution
		SolutionGuid = {F105BA3E-25B6-4BEA-A0DE-BFD285C1D387}
	EndGlobalSection
EndGlobal
